// !$*UTF8*$!
{
	archiveVersion = 1;
	classes = {
	};
	objectVersion = 46;
	objects = {

/* Begin PBXBuildFile section */
		885D96981E1AF7BF00486766 /* AppDelegate.swift in Sources */ = {isa = PBXBuildFile; fileRef = 885D96971E1AF7BF00486766 /* AppDelegate.swift */; };
		885D969A1E1AF7BF00486766 /* ViewController.swift in Sources */ = {isa = PBXBuildFile; fileRef = 885D96991E1AF7BF00486766 /* ViewController.swift */; };
		885D969D1E1AF7C000486766 /* Main.storyboard in Resources */ = {isa = PBXBuildFile; fileRef = 885D969B1E1AF7C000486766 /* Main.storyboard */; };
		885D969F1E1AF7C100486766 /* Assets.xcassets in Resources */ = {isa = PBXBuildFile; fileRef = 885D969E1E1AF7C100486766 /* Assets.xcassets */; };
		885D96A21E1AF7C100486766 /* LaunchScreen.storyboard in Resources */ = {isa = PBXBuildFile; fileRef = 885D96A01E1AF7C100486766 /* LaunchScreen.storyboard */; };
		885D96AD1E1AF7C200486766 /* TestContactsTests.swift in Sources */ = {isa = PBXBuildFile; fileRef = 885D96AC1E1AF7C200486766 /* TestContactsTests.swift */; };
		885D96B81E1AF7C300486766 /* TestContactsUITests.swift in Sources */ = {isa = PBXBuildFile; fileRef = 885D96B71E1AF7C300486766 /* TestContactsUITests.swift */; };
/* End PBXBuildFile section */

/* Begin PBXContainerItemProxy section */
		885D96A91E1AF7C200486766 /* PBXContainerItemProxy */ = {
			isa = PBXContainerItemProxy;
			containerPortal = 885D968C1E1AF7BE00486766 /* Project object */;
			proxyType = 1;
			remoteGlobalIDString = 885D96931E1AF7BE00486766;
			remoteInfo = TestContacts;
		};
		885D96B41E1AF7C300486766 /* PBXContainerItemProxy */ = {
			isa = PBXContainerItemProxy;
			containerPortal = 885D968C1E1AF7BE00486766 /* Project object */;
			proxyType = 1;
			remoteGlobalIDString = 885D96931E1AF7BE00486766;
			remoteInfo = TestContacts;
		};
/* End PBXContainerItemProxy section */

/* Begin PBXFileReference section */
		885D96941E1AF7BE00486766 /* TestContacts.app */ = {isa = PBXFileReference; explicitFileType = wrapper.application; includeInIndex = 0; path = TestContacts.app; sourceTree = BUILT_PRODUCTS_DIR; };
		885D96971E1AF7BF00486766 /* AppDelegate.swift */ = {isa = PBXFileReference; lastKnownFileType = sourcecode.swift; path = AppDelegate.swift; sourceTree = "<group>"; };
		885D96991E1AF7BF00486766 /* ViewController.swift */ = {isa = PBXFileReference; lastKnownFileType = sourcecode.swift; path = ViewController.swift; sourceTree = "<group>"; };
		885D969C1E1AF7C000486766 /* Base */ = {isa = PBXFileReference; lastKnownFileType = file.storyboard; name = Base; path = Base.lproj/Main.storyboard; sourceTree = "<group>"; };
		885D969E1E1AF7C100486766 /* Assets.xcassets */ = {isa = PBXFileReference; lastKnownFileType = folder.assetcatalog; path = Assets.xcassets; sourceTree = "<group>"; };
		885D96A11E1AF7C100486766 /* Base */ = {isa = PBXFileReference; lastKnownFileType = file.storyboard; name = Base; path = Base.lproj/LaunchScreen.storyboard; sourceTree = "<group>"; };
		885D96A31E1AF7C200486766 /* Info.plist */ = {isa = PBXFileReference; lastKnownFileType = text.plist.xml; path = Info.plist; sourceTree = "<group>"; };
		885D96A81E1AF7C200486766 /* TestContactsTests.xctest */ = {isa = PBXFileReference; explicitFileType = wrapper.cfbundle; includeInIndex = 0; path = TestContactsTests.xctest; sourceTree = BUILT_PRODUCTS_DIR; };
		885D96AC1E1AF7C200486766 /* TestContactsTests.swift */ = {isa = PBXFileReference; lastKnownFileType = sourcecode.swift; path = TestContactsTests.swift; sourceTree = "<group>"; };
		885D96AE1E1AF7C300486766 /* Info.plist */ = {isa = PBXFileReference; lastKnownFileType = text.plist.xml; path = Info.plist; sourceTree = "<group>"; };
		885D96B31E1AF7C300486766 /* TestContactsUITests.xctest */ = {isa = PBXFileReference; explicitFileType = wrapper.cfbundle; includeInIndex = 0; path = TestContactsUITests.xctest; sourceTree = BUILT_PRODUCTS_DIR; };
		885D96B71E1AF7C300486766 /* TestContactsUITests.swift */ = {isa = PBXFileReference; lastKnownFileType = sourcecode.swift; path = TestContactsUITests.swift; sourceTree = "<group>"; };
		885D96B91E1AF7C300486766 /* Info.plist */ = {isa = PBXFileReference; lastKnownFileType = text.plist.xml; path = Info.plist; sourceTree = "<group>"; };
/* End PBXFileReference section */

/* Begin PBXFrameworksBuildPhase section */
		885D96911E1AF7BE00486766 /* Frameworks */ = {
			isa = PBXFrameworksBuildPhase;
			buildActionMask = 2147483647;
			files = (
			);
			runOnlyForDeploymentPostprocessing = 0;
		};
		885D96A51E1AF7C200486766 /* Frameworks */ = {
			isa = PBXFrameworksBuildPhase;
			buildActionMask = 2147483647;
			files = (
			);
			runOnlyForDeploymentPostprocessing = 0;
		};
		885D96B01E1AF7C300486766 /* Frameworks */ = {
			isa = PBXFrameworksBuildPhase;
			buildActionMask = 2147483647;
			files = (
			);
			runOnlyForDeploymentPostprocessing = 0;
		};
/* End PBXFrameworksBuildPhase section */

/* Begin PBXGroup section */
		885D968B1E1AF7BE00486766 = {
			isa = PBXGroup;
			children = (
				885D96961E1AF7BF00486766 /* TestContacts */,
				885D96AB1E1AF7C200486766 /* TestContactsTests */,
				885D96B61E1AF7C300486766 /* TestContactsUITests */,
				885D96951E1AF7BE00486766 /* Products */,
			);
			sourceTree = "<group>";
		};
		885D96951E1AF7BE00486766 /* Products */ = {
			isa = PBXGroup;
			children = (
				885D96941E1AF7BE00486766 /* TestContacts.app */,
				885D96A81E1AF7C200486766 /* TestContactsTests.xctest */,
				885D96B31E1AF7C300486766 /* TestContactsUITests.xctest */,
			);
			name = Products;
			sourceTree = "<group>";
		};
		885D96961E1AF7BF00486766 /* TestContacts */ = {
			isa = PBXGroup;
			children = (
				885D96971E1AF7BF00486766 /* AppDelegate.swift */,
				885D96991E1AF7BF00486766 /* ViewController.swift */,
				885D969B1E1AF7C000486766 /* Main.storyboard */,
				885D969E1E1AF7C100486766 /* Assets.xcassets */,
				885D96A01E1AF7C100486766 /* LaunchScreen.storyboard */,
				885D96A31E1AF7C200486766 /* Info.plist */,
			);
			path = TestContacts;
			sourceTree = "<group>";
		};
		885D96AB1E1AF7C200486766 /* TestContactsTests */ = {
			isa = PBXGroup;
			children = (
				885D96AC1E1AF7C200486766 /* TestContactsTests.swift */,
				885D96AE1E1AF7C300486766 /* Info.plist */,
			);
			path = TestContactsTests;
			sourceTree = "<group>";
		};
		885D96B61E1AF7C300486766 /* TestContactsUITests */ = {
			isa = PBXGroup;
			children = (
				885D96B71E1AF7C300486766 /* TestContactsUITests.swift */,
				885D96B91E1AF7C300486766 /* Info.plist */,
			);
			path = TestContactsUITests;
			sourceTree = "<group>";
		};
/* End PBXGroup section */

/* Begin PBXNativeTarget section */
		885D96931E1AF7BE00486766 /* TestContacts */ = {
			isa = PBXNativeTarget;
			buildConfigurationList = 885D96BC1E1AF7C300486766 /* Build configuration list for PBXNativeTarget "TestContacts" */;
			buildPhases = (
				885D96901E1AF7BE00486766 /* Sources */,
				885D96911E1AF7BE00486766 /* Frameworks */,
				885D96921E1AF7BE00486766 /* Resources */,
			);
			buildRules = (
			);
			dependencies = (
			);
			name = TestContacts;
			productName = TestContacts;
			productReference = 885D96941E1AF7BE00486766 /* TestContacts.app */;
			productType = "com.apple.product-type.application";
		};
		885D96A71E1AF7C200486766 /* TestContactsTests */ = {
			isa = PBXNativeTarget;
			buildConfigurationList = 885D96BF1E1AF7C300486766 /* Build configuration list for PBXNativeTarget "TestContactsTests" */;
			buildPhases = (
				885D96A41E1AF7C200486766 /* Sources */,
				885D96A51E1AF7C200486766 /* Frameworks */,
				885D96A61E1AF7C200486766 /* Resources */,
			);
			buildRules = (
			);
			dependencies = (
				885D96AA1E1AF7C200486766 /* PBXTargetDependency */,
			);
			name = TestContactsTests;
			productName = TestContactsTests;
			productReference = 885D96A81E1AF7C200486766 /* TestContactsTests.xctest */;
			productType = "com.apple.product-type.bundle.unit-test";
		};
		885D96B21E1AF7C300486766 /* TestContactsUITests */ = {
			isa = PBXNativeTarget;
			buildConfigurationList = 885D96C21E1AF7C300486766 /* Build configuration list for PBXNativeTarget "TestContactsUITests" */;
			buildPhases = (
				885D96AF1E1AF7C300486766 /* Sources */,
				885D96B01E1AF7C300486766 /* Frameworks */,
				885D96B11E1AF7C300486766 /* Resources */,
			);
			buildRules = (
			);
			dependencies = (
				885D96B51E1AF7C300486766 /* PBXTargetDependency */,
			);
			name = TestContactsUITests;
			productName = TestContactsUITests;
			productReference = 885D96B31E1AF7C300486766 /* TestContactsUITests.xctest */;
			productType = "com.apple.product-type.bundle.ui-testing";
		};
/* End PBXNativeTarget section */

/* Begin PBXProject section */
		885D968C1E1AF7BE00486766 /* Project object */ = {
			isa = PBXProject;
			attributes = {
				LastSwiftUpdateCheck = 0820;
				LastUpgradeCheck = 0820;
				ORGANIZATIONNAME = "Renato Vieira Leite de Barros";
				TargetAttributes = {
					885D96931E1AF7BE00486766 = {
						CreatedOnToolsVersion = 8.2.1;
						DevelopmentTeam = KZ3G27X3HW;
						ProvisioningStyle = Automatic;
					};
					885D96A71E1AF7C200486766 = {
						CreatedOnToolsVersion = 8.2.1;
						ProvisioningStyle = Automatic;
						TestTargetID = 885D96931E1AF7BE00486766;
					};
					885D96B21E1AF7C300486766 = {
						CreatedOnToolsVersion = 8.2.1;
						ProvisioningStyle = Automatic;
						TestTargetID = 885D96931E1AF7BE00486766;
					};
				};
			};
			buildConfigurationList = 885D968F1E1AF7BE00486766 /* Build configuration list for PBXProject "TestContacts" */;
			compatibilityVersion = "Xcode 3.2";
			developmentRegion = English;
			hasScannedForEncodings = 0;
			knownRegions = (
				en,
				Base,
			);
			mainGroup = 885D968B1E1AF7BE00486766;
			productRefGroup = 885D96951E1AF7BE00486766 /* Products */;
			projectDirPath = "";
			projectRoot = "";
			targets = (
				885D96931E1AF7BE00486766 /* TestContacts */,
				885D96A71E1AF7C200486766 /* TestContactsTests */,
				885D96B21E1AF7C300486766 /* TestContactsUITests */,
			);
		};
/* End PBXProject section */

/* Begin PBXResourcesBuildPhase section */
		885D96921E1AF7BE00486766 /* Resources */ = {
			isa = PBXResourcesBuildPhase;
			buildActionMask = 2147483647;
			files = (
				885D96A21E1AF7C100486766 /* LaunchScreen.storyboard in Resources */,
				885D969F1E1AF7C100486766 /* Assets.xcassets in Resources */,
				885D969D1E1AF7C000486766 /* Main.storyboard in Resources */,
			);
			runOnlyForDeploymentPostprocessing = 0;
		};
		885D96A61E1AF7C200486766 /* Resources */ = {
			isa = PBXResourcesBuildPhase;
			buildActionMask = 2147483647;
			files = (
			);
			runOnlyForDeploymentPostprocessing = 0;
		};
		885D96B11E1AF7C300486766 /* Resources */ = {
			isa = PBXResourcesBuildPhase;
			buildActionMask = 2147483647;
			files = (
			);
			runOnlyForDeploymentPostprocessing = 0;
		};
/* End PBXResourcesBuildPhase section */

/* Begin PBXSourcesBuildPhase section */
		885D96901E1AF7BE00486766 /* Sources */ = {
			isa = PBXSourcesBuildPhase;
			buildActionMask = 2147483647;
			files = (
				885D969A1E1AF7BF00486766 /* ViewController.swift in Sources */,
				885D96981E1AF7BF00486766 /* AppDelegate.swift in Sources */,
			);
			runOnlyForDeploymentPostprocessing = 0;
		};
		885D96A41E1AF7C200486766 /* Sources */ = {
			isa = PBXSourcesBuildPhase;
			buildActionMask = 2147483647;
			files = (
				885D96AD1E1AF7C200486766 /* TestContactsTests.swift in Sources */,
			);
			runOnlyForDeploymentPostprocessing = 0;
		};
		885D96AF1E1AF7C300486766 /* Sources */ = {
			isa = PBXSourcesBuildPhase;
			buildActionMask = 2147483647;
			files = (
				885D96B81E1AF7C300486766 /* TestContactsUITests.swift in Sources */,
			);
			runOnlyForDeploymentPostprocessing = 0;
		};
/* End PBXSourcesBuildPhase section */

/* Begin PBXTargetDependency section */
		885D96AA1E1AF7C200486766 /* PBXTargetDependency */ = {
			isa = PBXTargetDependency;
			target = 885D96931E1AF7BE00486766 /* TestContacts */;
			targetProxy = 885D96A91E1AF7C200486766 /* PBXContainerItemProxy */;
		};
		885D96B51E1AF7C300486766 /* PBXTargetDependency */ = {
			isa = PBXTargetDependency;
			target = 885D96931E1AF7BE00486766 /* TestContacts */;
			targetProxy = 885D96B41E1AF7C300486766 /* PBXContainerItemProxy */;
		};
/* End PBXTargetDependency section */

/* Begin PBXVariantGroup section */
		885D969B1E1AF7C000486766 /* Main.storyboard */ = {
			isa = PBXVariantGroup;
			children = (
				885D969C1E1AF7C000486766 /* Base */,
			);
			name = Main.storyboard;
			sourceTree = "<group>";
		};
		885D96A01E1AF7C100486766 /* LaunchScreen.storyboard */ = {
			isa = PBXVariantGroup;
			children = (
				885D96A11E1AF7C100486766 /* Base */,
			);
			name = LaunchScreen.storyboard;
			sourceTree = "<group>";
		};
/* End PBXVariantGroup section */

/* Begin XCBuildConfiguration section */
		885D96BA1E1AF7C300486766 /* Debug */ = {
			isa = XCBuildConfiguration;
			buildSettings = {
				ALWAYS_SEARCH_USER_PATHS = NO;
				CLANG_ANALYZER_NONNULL = YES;
				CLANG_CXX_LANGUAGE_STANDARD = "gnu++0x";
				CLANG_CXX_LIBRARY = "libc++";
				CLANG_ENABLE_MODULES = YES;
				CLANG_ENABLE_OBJC_ARC = YES;
				CLANG_WARN_BOOL_CONVERSION = YES;
				CLANG_WARN_CONSTANT_CONVERSION = YES;
				CLANG_WARN_DIRECT_OBJC_ISA_USAGE = YES_ERROR;
				CLANG_WARN_DOCUMENTATION_COMMENTS = YES;
				CLANG_WARN_EMPTY_BODY = YES;
				CLANG_WARN_ENUM_CONVERSION = YES;
				CLANG_WARN_INFINITE_RECURSION = YES;
				CLANG_WARN_INT_CONVERSION = YES;
				CLANG_WARN_OBJC_ROOT_CLASS = YES_ERROR;
				CLANG_WARN_SUSPICIOUS_MOVE = YES;
				CLANG_WARN_UNREACHABLE_CODE = YES;
				CLANG_WARN__DUPLICATE_METHOD_MATCH = YES;
				"CODE_SIGN_IDENTITY[sdk=iphoneos*]" = "iPhone Developer";
				COPY_PHASE_STRIP = NO;
				DEBUG_INFORMATION_FORMAT = dwarf;
				ENABLE_STRICT_OBJC_MSGSEND = YES;
				ENABLE_TESTABILITY = YES;
				GCC_C_LANGUAGE_STANDARD = gnu99;
				GCC_DYNAMIC_NO_PIC = NO;
				GCC_NO_COMMON_BLOCKS = YES;
				GCC_OPTIMIZATION_LEVEL = 0;
				GCC_PREPROCESSOR_DEFINITIONS = (
					"DEBUG=1",
					"$(inherited)",
				);
				GCC_WARN_64_TO_32_BIT_CONVERSION = YES;
				GCC_WARN_ABOUT_RETURN_TYPE = YES_ERROR;
				GCC_WARN_UNDECLARED_SELECTOR = YES;
				GCC_WARN_UNINITIALIZED_AUTOS = YES_AGGRESSIVE;
				GCC_WARN_UNUSED_FUNCTION = YES;
				GCC_WARN_UNUSED_VARIABLE = YES;
				IPHONEOS_DEPLOYMENT_TARGET = 10.2;
				MTL_ENABLE_DEBUG_INFO = YES;
				ONLY_ACTIVE_ARCH = YES;
				SDKROOT = iphoneos;
				SWIFT_ACTIVE_COMPILATION_CONDITIONS = DEBUG;
				SWIFT_OPTIMIZATION_LEVEL = "-Onone";
				TARGETED_DEVICE_FAMILY = "1,2";
			};
			name = Debug;
		};
		885D96BB1E1AF7C300486766 /* Release */ = {
			isa = XCBuildConfiguration;
			buildSettings = {
				ALWAYS_SEARCH_USER_PATHS = NO;
				CLANG_ANALYZER_NONNULL = YES;
				CLANG_CXX_LANGUAGE_STANDARD = "gnu++0x";
				CLANG_CXX_LIBRARY = "libc++";
				CLANG_ENABLE_MODULES = YES;
				CLANG_ENABLE_OBJC_ARC = YES;
				CLANG_WARN_BOOL_CONVERSION = YES;
				CLANG_WARN_CONSTANT_CONVERSION = YES;
				CLANG_WARN_DIRECT_OBJC_ISA_USAGE = YES_ERROR;
				CLANG_WARN_DOCUMENTATION_COMMENTS = YES;
				CLANG_WARN_EMPTY_BODY = YES;
				CLANG_WARN_ENUM_CONVERSION = YES;
				CLANG_WARN_INFINITE_RECURSION = YES;
				CLANG_WARN_INT_CONVERSION = YES;
				CLANG_WARN_OBJC_ROOT_CLASS = YES_ERROR;
				CLANG_WARN_SUSPICIOUS_MOVE = YES;
				CLANG_WARN_UNREACHABLE_CODE = YES;
				CLANG_WARN__DUPLICATE_METHOD_MATCH = YES;
				"CODE_SIGN_IDENTITY[sdk=iphoneos*]" = "iPhone Developer";
				COPY_PHASE_STRIP = NO;
				DEBUG_INFORMATION_FORMAT = "dwarf-with-dsym";
				ENABLE_NS_ASSERTIONS = NO;
				ENABLE_STRICT_OBJC_MSGSEND = YES;
				GCC_C_LANGUAGE_STANDARD = gnu99;
				GCC_NO_COMMON_BLOCKS = YES;
				GCC_WARN_64_TO_32_BIT_CONVERSION = YES;
				GCC_WARN_ABOUT_RETURN_TYPE = YES_ERROR;
				GCC_WARN_UNDECLARED_SELECTOR = YES;
				GCC_WARN_UNINITIALIZED_AUTOS = YES_AGGRESSIVE;
				GCC_WARN_UNUSED_FUNCTION = YES;
				GCC_WARN_UNUSED_VARIABLE = YES;
				IPHONEOS_DEPLOYMENT_TARGET = 10.2;
				MTL_ENABLE_DEBUG_INFO = NO;
				SDKROOT = iphoneos;
				SWIFT_OPTIMIZATION_LEVEL = "-Owholemodule";
				TARGETED_DEVICE_FAMILY = "1,2";
				VALIDATE_PRODUCT = YES;
			};
			name = Release;
		};
		885D96BD1E1AF7C300486766 /* Debug */ = {
			isa = XCBuildConfiguration;
			buildSettings = {
				ASSETCATALOG_COMPILER_APPICON_NAME = AppIcon;
				DEVELOPMENT_TEAM = KZ3G27X3HW;
				INFOPLIST_FILE = TestContacts/Info.plist;
				LD_RUNPATH_SEARCH_PATHS = "$(inherited) @executable_path/Frameworks";
				PRODUCT_BUNDLE_IDENTIFIER = com.rvlb.TestContacts;
				PRODUCT_NAME = "$(TARGET_NAME)";
				SWIFT_VERSION = 3.0;
			};
			name = Debug;
		};
		885D96BE1E1AF7C300486766 /* Release */ = {
			isa = XCBuildConfiguration;
			buildSettings = {
				ASSETCATALOG_COMPILER_APPICON_NAME = AppIcon;
				DEVELOPMENT_TEAM = KZ3G27X3HW;
				INFOPLIST_FILE = TestContacts/Info.plist;
				LD_RUNPATH_SEARCH_PATHS = "$(inherited) @executable_path/Frameworks";
				PRODUCT_BUNDLE_IDENTIFIER = com.rvlb.TestContacts;
				PRODUCT_NAME = "$(TARGET_NAME)";
				SWIFT_VERSION = 3.0;
			};
			name = Release;
		};
		885D96C01E1AF7C300486766 /* Debug */ = {
			isa = XCBuildConfiguration;
			buildSettings = {
				ALWAYS_EMBED_SWIFT_STANDARD_LIBRARIES = YES;
				BUNDLE_LOADER = "$(TEST_HOST)";
				INFOPLIST_FILE = TestContactsTests/Info.plist;
				LD_RUNPATH_SEARCH_PATHS = "$(inherited) @executable_path/Frameworks @loader_path/Frameworks";
				PRODUCT_BUNDLE_IDENTIFIER = com.rvlb.TestContactsTests;
				PRODUCT_NAME = "$(TARGET_NAME)";
				SWIFT_VERSION = 3.0;
				TEST_HOST = "$(BUILT_PRODUCTS_DIR)/TestContacts.app/TestContacts";
			};
			name = Debug;
		};
		885D96C11E1AF7C300486766 /* Release */ = {
			isa = XCBuildConfiguration;
			buildSettings = {
				ALWAYS_EMBED_SWIFT_STANDARD_LIBRARIES = YES;
				BUNDLE_LOADER = "$(TEST_HOST)";
				INFOPLIST_FILE = TestContactsTests/Info.plist;
				LD_RUNPATH_SEARCH_PATHS = "$(inherited) @executable_path/Frameworks @loader_path/Frameworks";
				PRODUCT_BUNDLE_IDENTIFIER = com.rvlb.TestContactsTests;
				PRODUCT_NAME = "$(TARGET_NAME)";
				SWIFT_VERSION = 3.0;
				TEST_HOST = "$(BUILT_PRODUCTS_DIR)/TestContacts.app/TestContacts";
			};
			name = Release;
		};
		885D96C31E1AF7C300486766 /* Debug */ = {
			isa = XCBuildConfiguration;
			buildSettings = {
				ALWAYS_EMBED_SWIFT_STANDARD_LIBRARIES = YES;
				INFOPLIST_FILE = TestContactsUITests/Info.plist;
				LD_RUNPATH_SEARCH_PATHS = "$(inherited) @executable_path/Frameworks @loader_path/Frameworks";
				PRODUCT_BUNDLE_IDENTIFIER = com.rvlb.TestContactsUITests;
				PRODUCT_NAME = "$(TARGET_NAME)";
				SWIFT_VERSION = 3.0;
				TEST_TARGET_NAME = TestContacts;
			};
			name = Debug;
		};
		885D96C41E1AF7C300486766 /* Release */ = {
			isa = XCBuildConfiguration;
			buildSettings = {
				ALWAYS_EMBED_SWIFT_STANDARD_LIBRARIES = YES;
				INFOPLIST_FILE = TestContactsUITests/Info.plist;
				LD_RUNPATH_SEARCH_PATHS = "$(inherited) @executable_path/Frameworks @loader_path/Frameworks";
				PRODUCT_BUNDLE_IDENTIFIER = com.rvlb.TestContactsUITests;
				PRODUCT_NAME = "$(TARGET_NAME)";
				SWIFT_VERSION = 3.0;
				TEST_TARGET_NAME = TestContacts;
			};
			name = Release;
		};
/* End XCBuildConfiguration section */

/* Begin XCConfigurationList section */
		885D968F1E1AF7BE00486766 /* Build configuration list for PBXProject "TestContacts" */ = {
			isa = XCConfigurationList;
			buildConfigurations = (
				885D96BA1E1AF7C300486766 /* Debug */,
				885D96BB1E1AF7C300486766 /* Release */,
			);
			defaultConfigurationIsVisible = 0;
			defaultConfigurationName = Release;
		};
		885D96BC1E1AF7C300486766 /* Build configuration list for PBXNativeTarget "TestContacts" */ = {
			isa = XCConfigurationList;
			buildConfigurations = (
				885D96BD1E1AF7C300486766 /* Debug */,
				885D96BE1E1AF7C300486766 /* Release */,
			);
			defaultConfigurationIsVisible = 0;
		};
		885D96BF1E1AF7C300486766 /* Build configuration list for PBXNativeTarget "TestContactsTests" */ = {
			isa = XCConfigurationList;
			buildConfigurations = (
				885D96C01E1AF7C300486766 /* Debug */,
				885D96C11E1AF7C300486766 /* Release */,
			);
			defaultConfigurationIsVisible = 0;
		};
		885D96C21E1AF7C300486766 /* Build configuration list for PBXNativeTarget "TestContactsUITests" */ = {
			isa = XCConfigurationList;
			buildConfigurations = (
				885D96C31E1AF7C300486766 /* Debug */,
				885D96C41E1AF7C300486766 /* Release */,
			);
			defaultConfigurationIsVisible = 0;
		};
/* End XCConfigurationList section */
	};
	rootObject = 885D968C1E1AF7BE00486766 /* Project object */;
}
